
Microsoft Visual Studio Solution File, Format Version 12.00
# Visual Studio Version 17
VisualStudioVersion = 17.13.35806.99 d17.13
MinimumVisualStudioVersion = 10.0.40219.1
Project("{FAE04EC0-301F-11D3-BF4B-00C04F79EFBC}") = "gestorTareasaMaui", "gestorTareasaMaui.csproj", "{988A4535-190E-4B1A-8ECC-77A21FACD52C}"
EndProject
Global
	GlobalSection(SolutionConfigurationPlatforms) = preSolution
		Debug|Any CPU = Debug|Any CPU
		Release|Any CPU = Release|Any CPU
	EndGlobalSection
	GlobalSection(ProjectConfigurationPlatforms) = postSolution
		{988A4535-190E-4B1A-8ECC-77A21FACD52C}.Debug|Any CPU.ActiveCfg = Debug|Any CPU
		{988A4535-190E-4B1A-8ECC-77A21FACD52C}.Debug|Any CPU.Build.0 = Debug|Any CPU
		{988A4535-190E-4B1A-8ECC-77A21FACD52C}.Release|Any CPU.ActiveCfg = Release|Any CPU
		{988A4535-190E-4B1A-8ECC-77A21FACD52C}.Release|Any CPU.Build.0 = Release|Any CPU
	EndGlobalSection
	GlobalSection(SolutionProperties) = preSolution
		HideSolutionNode = FALSE
	EndGlobalSection
	GlobalSection(ExtensibilityGlobals) = postSolution
		SolutionGuid = {78CAD284-2163-4B9C-ADC1-E42E01408E3E}
	EndGlobalSection
EndGlobal
